
Microsoft Visual Studio Solution File, Format Version 12.00
# Visual Studio Version 16
VisualStudioVersion = 16.0.30406.217
MinimumVisualStudioVersion = 10.0.40219.1
Project("{8BC9CEB8-8B4A-11D0-8D11-00A0C91BC942}") = "ChatServer", "ChatServer\ChatServer.vcxproj", "{79377C8E-65EE-4D6D-8728-D5FF37624863}"
EndProject
Project("{8BC9CEB8-8B4A-11D0-8D11-00A0C91BC942}") = "ChatClient", "ChatClient\Chat.vcxproj", "{0F94489B-0F88-49C4-9B53-600123BA34BB}"
EndProject
Global
	GlobalSection(SolutionConfigurationPlatforms) = preSolution
		Debug|x64 = Debug|x64
		Debug|x86 = Debug|x86
		Release|x64 = Release|x64
		Release|x86 = Release|x86
	EndGlobalSection
	GlobalSection(ProjectConfigurationPlatforms) = postSolution
		{79377C8E-65EE-4D6D-8728-D5FF37624863}.Debug|x64.ActiveCfg = Debug|x64
		{79377C8E-65EE-4D6D-8728-D5FF37624863}.Debug|x64.Build.0 = Debug|x64
		{79377C8E-65EE-4D6D-8728-D5FF37624863}.Debug|x86.ActiveCfg = Debug|Win32
		{79377C8E-65EE-4D6D-8728-D5FF37624863}.Debug|x86.Build.0 = Debug|Win32
		{79377C8E-65EE-4D6D-8728-D5FF37624863}.Release|x64.ActiveCfg = Release|x64
		{79377C8E-65EE-4D6D-8728-D5FF37624863}.Release|x64.Build.0 = Release|x64
		{79377C8E-65EE-4D6D-8728-D5FF37624863}.Release|x86.ActiveCfg = Release|Win32
		{79377C8E-65EE-4D6D-8728-D5FF37624863}.Release|x86.Build.0 = Release|Win32
		{0F94489B-0F88-49C4-9B53-600123BA34BB}.Debug|x64.ActiveCfg = Debug|x64
		{0F94489B-0F88-49C4-9B53-600123BA34BB}.Debug|x64.Build.0 = Debug|x64
		{0F94489B-0F88-49C4-9B53-600123BA34BB}.Debug|x86.ActiveCfg = Debug|Win32
		{0F94489B-0F88-49C4-9B53-600123BA34BB}.Debug|x86.Build.0 = Debug|Win32
		{0F94489B-0F88-49C4-9B53-600123BA34BB}.Release|x64.ActiveCfg = Release|x64
		{0F94489B-0F88-49C4-9B53-600123BA34BB}.Release|x64.Build.0 = Release|x64
		{0F94489B-0F88-49C4-9B53-600123BA34BB}.Release|x86.ActiveCfg = Release|Win32
		{0F94489B-0F88-49C4-9B53-600123BA34BB}.Release|x86.Build.0 = Release|Win32
	EndGlobalSection
	GlobalSection(SolutionProperties) = preSolution
		HideSolutionNode = FALSE
	EndGlobalSection
	GlobalSection(ExtensibilityGlobals) = postSolution
		SolutionGuid = {533EC83F-F633-428A-9E39-BC63020C5985}
	EndGlobalSection
EndGlobal
